
Microsoft Visual Studio Solution File, Format Version 12.00
# Visual Studio Version 16
VisualStudioVersion = 16.0.29215.179
MinimumVisualStudioVersion = 10.0.40219.1
Project("{FAE04EC0-301F-11D3-BF4B-00C04F79EFBC}") = "MTConnect Adapter For Haas", "MTConnect Adapter For Haas.csproj", "{C93DDB9E-4A57-488E-BF54-F32702784993}"
EndProject
Project("{FAE04EC0-301F-11D3-BF4B-00C04F79EFBC}") = "MTConnect-Haas-Simulator", "..\Simulator\MTConnect-Haas-Simulator.csproj", "{89FD9002-8D2F-4C2B-9086-B01035A37A4F}"
EndProject
Global
	GlobalSection(SolutionConfigurationPlatforms) = preSolution
		Debug|Any CPU = Debug|Any CPU
		Release|Any CPU = Release|Any CPU
	EndGlobalSection
	GlobalSection(ProjectConfigurationPlatforms) = postSolution
		{C93DDB9E-4A57-488E-BF54-F32702784993}.Debug|Any CPU.ActiveCfg = Debug|Any CPU
		{C93DDB9E-4A57-488E-BF54-F32702784993}.Debug|Any CPU.Build.0 = Debug|Any CPU
		{C93DDB9E-4A57-488E-BF54-F32702784993}.Release|Any CPU.ActiveCfg = Release|Any CPU
		{C93DDB9E-4A57-488E-BF54-F32702784993}.Release|Any CPU.Build.0 = Release|Any CPU
		{89FD9002-8D2F-4C2B-9086-B01035A37A4F}.Debug|Any CPU.ActiveCfg = Debug|Any CPU
		{89FD9002-8D2F-4C2B-9086-B01035A37A4F}.Debug|Any CPU.Build.0 = Debug|Any CPU
		{89FD9002-8D2F-4C2B-9086-B01035A37A4F}.Release|Any CPU.ActiveCfg = Release|Any CPU
		{89FD9002-8D2F-4C2B-9086-B01035A37A4F}.Release|Any CPU.Build.0 = Release|Any CPU
	EndGlobalSection
	GlobalSection(SolutionProperties) = preSolution
		HideSolutionNode = FALSE
	EndGlobalSection
	GlobalSection(ExtensibilityGlobals) = postSolution
		SolutionGuid = {C41B12AA-FC47-420E-B0DF-FF4BB27CCB0F}
	EndGlobalSection
EndGlobal
